
Microsoft Visual Studio Solution File, Format Version 12.00
# Visual Studio Version 17
VisualStudioVersion = 17.10.35013.160
MinimumVisualStudioVersion = 10.0.40219.1
Project("{FAE04EC0-301F-11D3-BF4B-00C04F79EFBC}") = "Otus.Threds", "Otus.Threds.csproj", "{5213026D-D9AB-404C-88E9-B42A27CFF084}"
EndProject
Global
	GlobalSection(SolutionConfigurationPlatforms) = preSolution
		Debug|Any CPU = Debug|Any CPU
		Release|Any CPU = Release|Any CPU
	EndGlobalSection
	GlobalSection(ProjectConfigurationPlatforms) = postSolution
		{5213026D-D9AB-404C-88E9-B42A27CFF084}.Debug|Any CPU.ActiveCfg = Debug|Any CPU
		{5213026D-D9AB-404C-88E9-B42A27CFF084}.Debug|Any CPU.Build.0 = Debug|Any CPU
		{5213026D-D9AB-404C-88E9-B42A27CFF084}.Release|Any CPU.ActiveCfg = Release|Any CPU
		{5213026D-D9AB-404C-88E9-B42A27CFF084}.Release|Any CPU.Build.0 = Release|Any CPU
	EndGlobalSection
	GlobalSection(SolutionProperties) = preSolution
		HideSolutionNode = FALSE
	EndGlobalSection
	GlobalSection(ExtensibilityGlobals) = postSolution
		SolutionGuid = {F70F9209-1C9D-4D3D-86B1-0359BBC83639}
	EndGlobalSection
EndGlobal
